{
  "nodes": {
    "crane": {
      "locked": {
        "lastModified": 1785541369,
        "narHash": "sha256-6VCYI5xashcnAR1lambqt9FGh0F6kYhg1P2Z0VDlr48=",
        "owner": "ipetkov",
        "repo": "crane",
        "rev": "508ff4829aefddee8ea62291e86b144b58365724",
        "type": "github"
      },
      "original": {
        "owner": "ipetkov",
        "repo": "crane",
        "type": "github"
      }
    },
    "emacs-overlay": {
      "inputs": {
        "nixpkgs": [
          "nixpkgs"
        ],
        "nixpkgs-stable": [
          "nixpkgs"
        ]
      },
      "locked": {
        "lastModified": 1790397015,
        "narHash": "sha256-fz9RGEltIjindhDT8RfRmsN3BKvlD+UcfBTwVXr6dkQ=",
        "owner": "nix-community",
        "repo": "emacs-overlay",
        "rev": "260fba0a160f4d1bb52b4a8f1ed025874e40aa50",
        "type": "github"
      },
      "original": {
        "owner": "nix-community",
        "repo": "emacs-overlay",
        "type": "github"
      }
    },
    "flake-compat": {
      "flake": false,
      "locked": {
        "lastModified": 1767039857,
        "narHash": "sha256-vNpUSpF5Nuw8xvDLj2KCwwksIbjua2LZCqhV1LNRDns=",
        "owner": "NixOS",
        "repo": "flake-compat",
        "rev": "5edf11c44bc78a0d334f6334cdaf7d60d732daab",
        "type": "github"
      },
      "original": {
        "owner": "NixOS",
        "repo": "flake-compat",
        "type": "github"
      }
    },
    "flake-parts": {
      "inputs": {
        "nixpkgs-lib": [
          "hermes-agent",
          "nixpkgs"
        ]
      },
      "locked": {
        "lastModified": 1782949081,
        "narHash": "sha256-vp6Y/Grm98ESt6ceOkWiHWyZRDV3J1RID4w+6NWK9yA=",
        "owner": "hercules-ci",
        "repo": "flake-parts",
        "rev": "17c9d6cdfc60c64f4ee8d306f9bc0b4ccb51481e",
        "type": "github"
      },
      "original": {
        "owner": "hercules-ci",
        "repo": "flake-parts",
        "type": "github"
      }
    },
    "flake-parts_2": {
      "inputs": {
        "nixpkgs-lib": "nixpkgs-lib"
      },
      "locked": {
        "lastModified": 1782949081,
        "narHash": "sha256-vp6Y/Grm98ESt6ceOkWiHWyZRDV3J1RID4w+6NWK9yA=",
        "owner": "hercules-ci",
        "repo": "flake-parts",
        "rev": "17c9d6cdfc60c64f4ee8d306f9bc0b4ccb51481e",
        "type": "github"
      },
      "original": {
        "owner": "hercules-ci",
        "repo": "flake-parts",
        "type": "github"
      }
    },
    "git-hooks": {
      "inputs": {
        "flake-compat": "flake-compat",
        "nixpkgs": [
          "nixpkgs"
        ]
      },
      "locked": {
        "lastModified": 1790091288,
        "narHash": "sha256-2dUuLTiQrf2gUFVLlayDq/hgluitplAMv6Y9bYwQQ+c=",
        "owner": "cachix",
        "repo": "git-hooks.nix",
        "rev": "0d3997c4d3253505f77c9bcea63904bb575da3c5",
        "type": "github"
      },
      "original": {
        "owner": "cachix",
        "repo": "git-hooks.nix",
        "type": "github"
      }
    },
    "hermes-agent": {
      "inputs": {
        "flake-parts": "flake-parts",
        "home-manager": [
          "home-manager"
        ],
        "nixpkgs": "nixpkgs",
        "npm-lockfile-fix": "npm-lockfile-fix",
        "pyproject-build-systems": "pyproject-build-systems",
        "pyproject-nix": "pyproject-nix",
        "uv2nix": "uv2nix"
      },
      "locked": {
        "lastModified": 1790394715,
        "narHash": "sha256-6guR2TYEkqw04Qt+8Ek7ciOxdAtoTO9S9vBeQzv/hFc=",
        "owner": "NousResearch",
        "repo": "hermes-agent",
        "rev": "d0288be5b3330d2442e3907185b8e9d0958297bb",
        "type": "github"
      },
      "original": {
        "owner": "NousResearch",
        "repo": "hermes-agent",
        "type": "github"
      }
    },
    "home-manager": {
      "inputs": {
        "nixpkgs": [
          "nixpkgs"
        ]
      },
      "locked": {
        "lastModified": 1790365885,
        "narHash": "sha256-iQ0ebhiVo64NktTnwft9hNxlFu4j5cvljVxyJaEVIP4=",
        "owner": "nix-community",
        "repo": "home-manager",
        "rev": "7b4c5ec4bedaf1e062bbc1bcaeddbc6bd242aa1b",
        "type": "github"
      },
      "original": {
        "owner": "nix-community",
        "repo": "home-manager",
        "type": "github"
      }
    },
    "import-tree": {
      "locked": {
        "lastModified": 1784254960,
        "narHash": "sha256-iI88R3wHz8wTKQb5orvpc51L/Xr64AJyxid/0MKa/b8=",
        "owner": "vic",
        "repo": "import-tree",
        "rev": "4ebb10ae17d5f1ad366e7aef5b92cb8eecf24f69",
        "type": "github"
      },
      "original": {
        "owner": "vic",
        "repo": "import-tree",
        "type": "github"
      }
    },
    "mattpocock-skills": {
      "flake": false,
      "locked": {
        "lastModified": 1789726349,
        "narHash": "sha256-L3CpIT2DeI+fUFl9fcygojtQo2DzEen69rMD1XqR1vM=",
        "owner": "mattpocock",
        "repo": "skills",
        "rev": "c55ee46073ed923f86ce59a5eb3b6d895095d1b7",
        "type": "github"
      },
      "original": {
        "owner": "mattpocock",
        "repo": "skills",
        "type": "github"
      }
    },
    "nix-darwin": {
      "inputs": {
        "nixpkgs": [
          "nixpkgs"
        ]
      },
      "locked": {
        "lastModified": 1786845137,
        "narHash": "sha256-oQFip+v0luP8NIxJzmiW4Wu8bILsbFWom5l0zonl8hQ=",
        "owner": "nix-darwin",
        "repo": "nix-darwin",
        "rev": "4cff07de74b50e64bdd68cd4e722ab5b6b35ee48",
        "type": "github"
      },
      "original": {
        "owner": "nix-darwin",
        "repo": "nix-darwin",
        "type": "github"
      }
    },
    "nix-index-database": {
      "inputs": {
        "nixpkgs": [
          "nixpkgs"
        ]
      },
      "locked": {
        "lastModified": 1789892076,
        "narHash": "sha256-Dkg4VKPmDPqTwaiw2WH5br73tXoL1qrOO0xJnR4TlcA=",
        "owner": "nix-community",
        "repo": "nix-index-database",
        "rev": "9ad722673ab3b3f91f02135e53775825b240b869",
        "type": "github"
      },
      "original": {
        "owner": "nix-community",
        "repo": "nix-index-database",
        "type": "github"
      }
    },
    "nixos-wsl": {
      "inputs": {
        "flake-compat": [
          "git-hooks",
          "flake-compat"
        ],
        "nixpkgs": [
          "nixpkgs"
        ]
      },
      "locked": {
        "lastModified": 1789164534,
        "narHash": "sha256-DoYGPM6QpnYBLWj9gGw6ZwAzIX+HrAVov1BoT+8Jixo=",
        "owner": "nix-community",
        "repo": "NixOS-WSL",
        "rev": "72c92b11bb8289e6651c7fef29cc0a885fd6a255",
        "type": "github"
      },
      "original": {
        "owner": "nix-community",
        "ref": "main",
        "repo": "NixOS-WSL",
        "type": "github"
      }
    },
    "nixpkgs": {
      "locked": {
        "lastModified": 1785318670,
        "narHash": "sha256-dN6Ou5x/+23FZLEpYP3IffO+NyJFzUlGumt1uu3MMaY=",
        "owner": "NixOS",
        "repo": "nixpkgs",
        "rev": "0954f7ee2f6bb3dc7d4e3d0d8bcb8fd4bde4cfc5",
        "type": "github"
      },
      "original": {
        "owner": "NixOS",
        "ref": "nixos-unstable",
        "repo": "nixpkgs",
        "type": "github"
      }
    },
    "nixpkgs-lib": {
      "locked": {
        "lastModified": 1782614948,
        "narHash": "sha256-ePjCwr1sNm9NYUqywL7QfK3JnlS015msC+eBu2zKlp8=",
        "owner": "nix-community",
        "repo": "nixpkgs.lib",
        "rev": "db3f255737b94216eb71cce308e2912cf6bc2d7c",
        "type": "github"
      },
      "original": {
        "owner": "nix-community",
        "repo": "nixpkgs.lib",
        "type": "github"
      }
    },
    "nixpkgs_2": {
      "locked": {
        "lastModified": 1790390834,
        "narHash": "sha256-StRyS/lFHtIw/UgJk+xo+HA66mtoWeDUbkJdvf2Byn4=",
        "owner": "nixos",
        "repo": "nixpkgs",
        "rev": "d54020a6ac3211e9f4201631bdf67678818c0cdf",
        "type": "github"
      },
      "original": {
        "owner": "nixos",
        "ref": "nixpkgs-unstable",
        "repo": "nixpkgs",
        "type": "github"
      }
    },
    "npm-lockfile-fix": {
      "inputs": {
        "nixpkgs": [
          "hermes-agent",
          "nixpkgs"
        ]
      },
      "locked": {
        "lastModified": 1775903712,
        "narHash": "sha256-2GV79U6iVH4gKAPWYrxUReB0S41ty/Y3dBLquU8AlaA=",
        "owner": "jeslie0",
        "repo": "npm-lockfile-fix",
        "rev": "c6093acb0c0548e0f9b8b3d82918823721930fe8",
        "type": "github"
      },
      "original": {
        "owner": "jeslie0",
        "repo": "npm-lockfile-fix",
        "type": "github"
      }
    },
    "paneru": {
      "inputs": {
        "crane": "crane",
        "flake-parts": "flake-parts_2",
        "import-tree": "import-tree",
        "nix-darwin": [
          "nix-darwin"
        ],
        "nixpkgs": [
          "nixpkgs"
        ]
      },
      "locked": {
        "lastModified": 1789731283,
        "narHash": "sha256-IgTBMewbhGKyWF9RoABIC/oxfqUTMRUqVtWcAQnncAg=",
        "owner": "karinushka",
        "repo": "paneru",
        "rev": "f79b66ca34c217af1dbf779c9e2fd7a475277c99",
        "type": "github"
      },
      "original": {
        "owner": "karinushka",
        "repo": "paneru",
        "type": "github"
      }
    },
    "pyproject-build-systems": {
      "inputs": {
        "nixpkgs": [
          "hermes-agent",
          "nixpkgs"
        ],
        "pyproject-nix": [
          "hermes-agent",
          "pyproject-nix"
        ],
        "uv2nix": [
          "hermes-agent",
          "uv2nix"
        ]
      },
      "locked": {
        "lastModified": 1785115949,
        "narHash": "sha256-8AM37BfyGaL2v/SZyg4PupRxJ01Y4htvM+WrTjWrPpo=",
        "owner": "pyproject-nix",
        "repo": "build-system-pkgs",
        "rev": "62c0d86027edb1c4f39a5facc09876348144f7c9",
        "type": "github"
      },
      "original": {
        "owner": "pyproject-nix",
        "repo": "build-system-pkgs",
        "type": "github"
      }
    },
    "pyproject-nix": {
      "inputs": {
        "nixpkgs": [
          "hermes-agent",
          "nixpkgs"
        ]
      },
      "locked": {
        "lastModified": 1784591072,
        "narHash": "sha256-zP/WaDxrRu8GANZM61+V2LT/7ycEEdoyLWn7M6WzU7M=",
        "owner": "pyproject-nix",
        "repo": "pyproject.nix",
        "rev": "e3b599ca2e7fcf93d4edf65d7f19bbf6491724f3",
        "type": "github"
      },
      "original": {
        "owner": "pyproject-nix",
        "repo": "pyproject.nix",
        "type": "github"
      }
    },
    "root": {
      "inputs": {
        "emacs-overlay": "emacs-overlay",
        "git-hooks": "git-hooks",
        "hermes-agent": "hermes-agent",
        "home-manager": "home-manager",
        "mattpocock-skills": "mattpocock-skills",
        "nix-darwin": "nix-darwin",
        "nix-index-database": "nix-index-database",
        "nixos-wsl": "nixos-wsl",
        "nixpkgs": "nixpkgs_2",
        "paneru": "paneru",
        "sops-nix": "sops-nix",
        "treefmt-nix": "treefmt-nix",
        "zen-browser": "zen-browser"
      }
    },
    "sops-nix": {
      "inputs": {
        "nixpkgs": [
          "nixpkgs"
        ]
      },
      "locked": {
        "lastModified": 1790247521,
        "narHash": "sha256-TNfgoHsqsYYvaJImlWctfRkh4PseTagzegU1Dgdbehw=",
        "owner": "Mic92",
        "repo": "sops-nix",
        "rev": "2bd00bd9bb35fe6d114888c8f1c2e946c541dd8f",
        "type": "github"
      },
      "original": {
        "owner": "Mic92",
        "repo": "sops-nix",
        "type": "github"
      }
    },
    "treefmt-nix": {
      "inputs": {
        "nixpkgs": [
          "nixpkgs"
        ]
      },
      "locked": {
        "lastModified": 1786901030,
        "narHash": "sha256-WSFCsDSE5ffgD2MqzkM2CYjeFiKhRF/dJUN8uedb6YE=",
        "owner": "numtide",
        "repo": "treefmt-nix",
        "rev": "27b3b12a8e6375f28ebe122f07d230ca5459bbfa",
        "type": "github"
      },
      "original": {
        "owner": "numtide",
        "repo": "treefmt-nix",
        "type": "github"
      }
    },
    "uv2nix": {
      "inputs": {
        "nixpkgs": [
          "hermes-agent",
          "nixpkgs"
        ],
        "pyproject-nix": [
          "hermes-agent",
          "pyproject-nix"
        ]
      },
      "locked": {
        "lastModified": 1785277507,
        "narHash": "sha256-9Tq3UDX2hD/aveW/HvkBlAmEwJTOlY5HQXJM+L5BGmE=",
        "owner": "pyproject-nix",
        "repo": "uv2nix",
        "rev": "5a836d395cbf5fc22670eb98dd4aa4fc4d406977",
        "type": "github"
      },
      "original": {
        "owner": "pyproject-nix",
        "repo": "uv2nix",
        "type": "github"
      }
    },
    "zen-browser": {
      "inputs": {
        "home-manager": [
          "home-manager"
        ],
        "nixpkgs": [
          "nixpkgs"
        ]
      },
      "locked": {
        "lastModified": 1790402100,
        "narHash": "sha256-f/tmhFat/UHra627JbVg6calQ3/ZkEydQZJR71BBX0M=",
        "owner": "0xc000022070",
        "repo": "zen-browser-flake",
        "rev": "b851b56b787a61b900751aca2f17e4a5ca6c394a",
        "type": "github"
      },
      "original": {
        "owner": "0xc000022070",
        "repo": "zen-browser-flake",
        "type": "github"
      }
    }
  },
  "root": "root",
  "version": 7
}
